
Microsoft Visual Studio Solution File, Format Version 12.00
# Visual Studio Version 17
VisualStudioVersion = 17.9.34701.34
MinimumVisualStudioVersion = 10.0.40219.1
Project("{FAE04EC0-301F-11D3-BF4B-00C04F79EFBC}") = "EtleDev.EtleLabs.Elsa.Pong.Api", "EtleDev.EtleLabs.Elsa.Pong.Api\EtleDev.EtleLabs.Elsa.Pong.Api.csproj", "{232233C5-AA77-4807-8811-882513B23352}"
EndProject
Project("{E53339B2-1760-4266-BCC7-CA923CBCF16C}") = "docker-compose", "docker-compose.dcproj", "{4B41E98B-DE80-40D7-89CF-544E2FCAFB30}"
EndProject
Global
	GlobalSection(SolutionConfigurationPlatforms) = preSolution
		Debug|Any CPU = Debug|Any CPU
		Release|Any CPU = Release|Any CPU
	EndGlobalSection
	GlobalSection(ProjectConfigurationPlatforms) = postSolution
		{232233C5-AA77-4807-8811-882513B23352}.Debug|Any CPU.ActiveCfg = Debug|Any CPU
		{232233C5-AA77-4807-8811-882513B23352}.Debug|Any CPU.Build.0 = Debug|Any CPU
		{232233C5-AA77-4807-8811-882513B23352}.Release|Any CPU.ActiveCfg = Release|Any CPU
		{232233C5-AA77-4807-8811-882513B23352}.Release|Any CPU.Build.0 = Release|Any CPU
		{4B41E98B-DE80-40D7-89CF-544E2FCAFB30}.Debug|Any CPU.ActiveCfg = Debug|Any CPU
		{4B41E98B-DE80-40D7-89CF-544E2FCAFB30}.Debug|Any CPU.Build.0 = Debug|Any CPU
		{4B41E98B-DE80-40D7-89CF-544E2FCAFB30}.Release|Any CPU.ActiveCfg = Release|Any CPU
		{4B41E98B-DE80-40D7-89CF-544E2FCAFB30}.Release|Any CPU.Build.0 = Release|Any CPU
	EndGlobalSection
	GlobalSection(SolutionProperties) = preSolution
		HideSolutionNode = FALSE
	EndGlobalSection
	GlobalSection(ExtensibilityGlobals) = postSolution
		SolutionGuid = {8DB63018-5AA4-45DE-8F28-29D1A9FCA8A3}
	EndGlobalSection
EndGlobal
